
Microsoft Visual Studio Solution File, Format Version 12.00
# Visual Studio Version 16
VisualStudioVersion = 16.0.30225.117
MinimumVisualStudioVersion = 10.0.40219.1
Project("{FAE04EC0-301F-11D3-BF4B-00C04F79EFBC}") = "StringOperation", "StringOperation\StringOperation.csproj", "{8C888E76-FA95-4062-B6DC-F9F280495147}"
EndProject
Global
	GlobalSection(SolutionConfigurationPlatforms) = preSolution
		Debug|Any CPU = Debug|Any CPU
		Release|Any CPU = Release|Any CPU
	EndGlobalSection
	GlobalSection(ProjectConfigurationPlatforms) = postSolution
		{8C888E76-FA95-4062-B6DC-F9F280495147}.Debug|Any CPU.ActiveCfg = Debug|Any CPU
		{8C888E76-FA95-4062-B6DC-F9F280495147}.Debug|Any CPU.Build.0 = Debug|Any CPU
		{8C888E76-FA95-4062-B6DC-F9F280495147}.Release|Any CPU.ActiveCfg = Release|Any CPU
		{8C888E76-FA95-4062-B6DC-F9F280495147}.Release|Any CPU.Build.0 = Release|Any CPU
	EndGlobalSection
	GlobalSection(SolutionProperties) = preSolution
		HideSolutionNode = FALSE
	EndGlobalSection
	GlobalSection(ExtensibilityGlobals) = postSolution
		SolutionGuid = {C901C016-5282-40AC-A7FB-2B5B90ADA971}
	EndGlobalSection
EndGlobal
